{
  "name": "tailwindcss-stencil",
  "version": "0.0.1",
  "lockfileVersion": 2,
  "requires": true,
  "packages": {
    "": {
      "version": "0.0.1",
      "license": "MIT",
      "devDependencies": {
        "@stencil/core": "^2.0.0",
        "@stencil/postcss": "^2.0.0",
        "@stencil/router": "^1.0.1"
      }
    },
    "node_modules/@stencil/core": {
      "version": "2.5.2",
      "resolved": "https://registry.npmjs.org/@stencil/core/-/core-2.5.2.tgz",
      "integrity": "sha512-bgjPXkSzzg1WnTgVUm6m5ZzpKt602WmA/QljODAW1xVN40OHJdbGblzF/F6MFzqv2c5Cy30CB41arc8qADIdcQ==",
      "dev": true,
      "bin": {
        "stencil": "bin/stencil"
      },
      "engines": {
        "node": ">=12.10.0",
        "npm": ">=6.0.0"
      }
    },
    "node_modules/@stencil/postcss": {
      "version": "2.0.0",
      "resolved": "https://registry.npmjs.org/@stencil/postcss/-/postcss-2.0.0.tgz",
      "integrity": "sha512-eTZVQEXb3AGw8A7tstKoOklV6ATXCKASs8VoykyVSYRZCjU0kECM76YgUZkzolwzEq6JG6LVwStT8xpTBSEZ+Q==",
      "dev": true,
      "dependencies": {
        "postcss": "~8.2.1"
      },
      "peerDependencies": {
        "@stencil/core": ">=2.3.0"
      }
    },
    "node_modules/@stencil/router": {
      "version": "1.0.1",
      "resolved": "https://registry.npmjs.org/@stencil/router/-/router-1.0.1.tgz",
      "integrity": "sha512-ZMholl1BE+glNAc/8pcEb9RYkeH0XETxsJbx6D7f3azTmaTXqKYty1IACP/3BtVjuimpfLdxQJ+J95wKmnYBtA==",
      "dev": true,
      "dependencies": {
        "@stencil/state-tunnel": "^1.0.1"
      }
    },
    "node_modules/@stencil/state-tunnel": {
      "version": "1.0.1",
      "resolved": "https://registry.npmjs.org/@stencil/state-tunnel/-/state-tunnel-1.0.1.tgz",
      "integrity": "sha512-DYG8uROgL9hkjVTCtCfRBb0d3FwpiFB0muRrNZQ2X1Qo5hxMuNNji76/ILddqeq0AfgkKCW82xrMPDpy+rNIhQ==",
      "dev": true
    },
    "node_modules/colorette": {
      "version": "1.2.2",
      "resolved": "https://registry.npmjs.org/colorette/-/colorette-1.2.2.tgz",
      "integrity": "sha512-MKGMzyfeuutC/ZJ1cba9NqcNpfeqMUcYmyF1ZFY6/Cn7CNSAKx6a+s48sqLqyAiZuaP2TcqMhoo+dlwFnVxT9w==",
      "dev": true
    },
    "node_modules/nanoid": {
      "version": "3.1.23",
      "resolved": "https://registry.npmjs.org/nanoid/-/nanoid-3.1.23.tgz",
      "integrity": "sha512-FiB0kzdP0FFVGDKlRLEQ1BgDzU87dy5NnzjeW9YZNt+/c3+q82EQDUwniSAUxp/F0gFNI1ZhKU1FqYsMuqZVnw==",
      "dev": true,
      "bin": {
        "nanoid": "bin/nanoid.cjs"
      },
      "engines": {
        "node": "^10 || ^12 || ^13.7 || ^14 || >=15.0.1"
      }
    },
    "node_modules/postcss": {
      "version": "8.2.15",
      "resolved": "https://registry.npmjs.org/postcss/-/postcss-8.2.15.tgz",
      "integrity": "sha512-2zO3b26eJD/8rb106Qu2o7Qgg52ND5HPjcyQiK2B98O388h43A448LCslC0dI2P97wCAQRJsFvwTRcXxTKds+Q==",
      "dev": true,
      "dependencies": {
        "colorette": "^1.2.2",
        "nanoid": "^3.1.23",
        "source-map": "^0.6.1"
      },
      "engines": {
        "node": "^10 || ^12 || >=14"
      },
      "funding": {
        "type": "opencollective",
        "url": "https://opencollective.com/postcss/"
      }
    },
    "node_modules/source-map": {
      "version": "0.6.1",
      "resolved": "https://registry.npmjs.org/source-map/-/source-map-0.6.1.tgz",
      "integrity": "sha512-UjgapumWlbMhkBgzT7Ykc5YXUT46F0iKu8SGXq0bcwP5dz/h0Plj6enJqjz1Zbq2l5WaqYnrVbwWOWMyF3F47g==",
      "dev": true,
      "engines": {
        "node": ">=0.10.0"
      }
    }
  },
  "dependencies": {
    "@stencil/core": {
      "version": "2.5.2",
      "resolved": "https://registry.npmjs.org/@stencil/core/-/core-2.5.2.tgz",
      "integrity": "sha512-bgjPXkSzzg1WnTgVUm6m5ZzpKt602WmA/QljODAW1xVN40OHJdbGblzF/F6MFzqv2c5Cy30CB41arc8qADIdcQ==",
      "dev": true
    },
    "@stencil/postcss": {
      "version": "2.0.0",
      "resolved": "https://registry.npmjs.org/@stencil/postcss/-/postcss-2.0.0.tgz",
      "integrity": "sha512-eTZVQEXb3AGw8A7tstKoOklV6ATXCKASs8VoykyVSYRZCjU0kECM76YgUZkzolwzEq6JG6LVwStT8xpTBSEZ+Q==",
      "dev": true,
      "requires": {
        "postcss": "~8.2.1"
      }
    },
    "@stencil/router": {
      "version": "1.0.1",
      "resolved": "https://registry.npmjs.org/@stencil/router/-/router-1.0.1.tgz",
      "integrity": "sha512-ZMholl1BE+glNAc/8pcEb9RYkeH0XETxsJbx6D7f3azTmaTXqKYty1IACP/3BtVjuimpfLdxQJ+J95wKmnYBtA==",
      "dev": true,
      "requires": {
        "@stencil/state-tunnel": "^1.0.1"
      }
    },
    "@stencil/state-tunnel": {
      "version": "1.0.1",
      "resolved": "https://registry.npmjs.org/@stencil/state-tunnel/-/state-tunnel-1.0.1.tgz",
      "integrity": "sha512-DYG8uROgL9hkjVTCtCfRBb0d3FwpiFB0muRrNZQ2X1Qo5hxMuNNji76/ILddqeq0AfgkKCW82xrMPDpy+rNIhQ==",
      "dev": true
    },
    "colorette": {
      "version": "1.2.2",
      "resolved": "https://registry.npmjs.org/colorette/-/colorette-1.2.2.tgz",
      "integrity": "sha512-MKGMzyfeuutC/ZJ1cba9NqcNpfeqMUcYmyF1ZFY6/Cn7CNSAKx6a+s48sqLqyAiZuaP2TcqMhoo+dlwFnVxT9w==",
      "dev": true
    },
    "nanoid": {
      "version": "3.1.23",
      "resolved": "https://registry.npmjs.org/nanoid/-/nanoid-3.1.23.tgz",
      "integrity": "sha512-FiB0kzdP0FFVGDKlRLEQ1BgDzU87dy5NnzjeW9YZNt+/c3+q82EQDUwniSAUxp/F0gFNI1ZhKU1FqYsMuqZVnw==",
      "dev": true
    },
    "postcss": {
      "version": "8.2.15",
      "resolved": "https://registry.npmjs.org/postcss/-/postcss-8.2.15.tgz",
      "integrity": "sha512-2zO3b26eJD/8rb106Qu2o7Qgg52ND5HPjcyQiK2B98O388h43A448LCslC0dI2P97wCAQRJsFvwTRcXxTKds+Q==",
      "dev": true,
      "requires": {
        "colorette": "^1.2.2",
        "nanoid": "^3.1.23",
        "source-map": "^0.6.1"
      }
    },
    "source-map": {
      "version": "0.6.1",
      "resolved": "https://registry.npmjs.org/source-map/-/source-map-0.6.1.tgz",
      "integrity": "sha512-UjgapumWlbMhkBgzT7Ykc5YXUT46F0iKu8SGXq0bcwP5dz/h0Plj6enJqjz1Zbq2l5WaqYnrVbwWOWMyF3F47g==",
      "dev": true
    }
  }
}
